
Microsoft Visual Studio Solution File, Format Version 12.00
Project("{FAE04EC0-301F-11D3-BF4B-00C04F79EFBC}") = "ImageGallerySearch.WebApi", "ImageGallerySearch.WebApi\ImageGallerySearch.WebApi.csproj", "{A307F475-9A34-4524-AAC7-261E7C9C03D9}"
EndProject
Global
	GlobalSection(SolutionConfigurationPlatforms) = preSolution
		Debug|Any CPU = Debug|Any CPU
		Release|Any CPU = Release|Any CPU
	EndGlobalSection
	GlobalSection(ProjectConfigurationPlatforms) = postSolution
		{A307F475-9A34-4524-AAC7-261E7C9C03D9}.Debug|Any CPU.ActiveCfg = Debug|Any CPU
		{A307F475-9A34-4524-AAC7-261E7C9C03D9}.Debug|Any CPU.Build.0 = Debug|Any CPU
		{A307F475-9A34-4524-AAC7-261E7C9C03D9}.Release|Any CPU.ActiveCfg = Release|Any CPU
		{A307F475-9A34-4524-AAC7-261E7C9C03D9}.Release|Any CPU.Build.0 = Release|Any CPU
	EndGlobalSection
EndGlobal
